
Microsoft Visual Studio Solution File, Format Version 12.00
# Visual Studio Version 17
VisualStudioVersion = 17.0.32014.148
MinimumVisualStudioVersion = 10.0.40219.1
Project("{FAE04EC0-301F-11D3-BF4B-00C04F79EFBC}") = "Snake and Ladder", "Snake and Ladder\Snake and Ladder.csproj", "{0A80DFE5-93C0-467F-8723-1BC362AEE3F2}"
EndProject
Global
	GlobalSection(SolutionConfigurationPlatforms) = preSolution
		Debug|Any CPU = Debug|Any CPU
		Release|Any CPU = Release|Any CPU
	EndGlobalSection
	GlobalSection(ProjectConfigurationPlatforms) = postSolution
		{0A80DFE5-93C0-467F-8723-1BC362AEE3F2}.Debug|Any CPU.ActiveCfg = Debug|Any CPU
		{0A80DFE5-93C0-467F-8723-1BC362AEE3F2}.Debug|Any CPU.Build.0 = Debug|Any CPU
		{0A80DFE5-93C0-467F-8723-1BC362AEE3F2}.Release|Any CPU.ActiveCfg = Release|Any CPU
		{0A80DFE5-93C0-467F-8723-1BC362AEE3F2}.Release|Any CPU.Build.0 = Release|Any CPU
	EndGlobalSection
	GlobalSection(SolutionProperties) = preSolution
		HideSolutionNode = FALSE
	EndGlobalSection
	GlobalSection(ExtensibilityGlobals) = postSolution
		SolutionGuid = {C4461BC1-6E23-4E96-A239-C740D874B05F}
	EndGlobalSection
EndGlobal
